// !$*UTF8*$!
{
	archiveVersion = 1;
	classes = {
	};
	objectVersion = 55;
	objects = {

/* Begin PBXBuildFile section */
		53A758EA42BCE296E09186C0 /* AppCoordinator.swift in Sources */ = {isa = PBXBuildFile; fileRef = 53A75F68CF2135908C71216E /* AppCoordinator.swift */; };
		F2C48EAA2A9EF69B00DBC888 /* AppDelegate.swift in Sources */ = {isa = PBXBuildFile; fileRef = F2C48EA92A9EF69B00DBC888 /* AppDelegate.swift */; };
		F2C48EAC2A9EF69B00DBC888 /* SceneDelegate.swift in Sources */ = {isa = PBXBuildFile; fileRef = F2C48EAB2A9EF69B00DBC888 /* SceneDelegate.swift */; };
		F2C48EAE2A9EF69B00DBC888 /* ViewController.swift in Sources */ = {isa = PBXBuildFile; fileRef = F2C48EAD2A9EF69B00DBC888 /* ViewController.swift */; };
		F2C48EB12A9EF69B00DBC888 /* Main.storyboard in Resources */ = {isa = PBXBuildFile; fileRef = F2C48EAF2A9EF69B00DBC888 /* Main.storyboard */; };
		F2C48EB32A9EF69B00DBC888 /* Assets.xcassets in Resources */ = {isa = PBXBuildFile; fileRef = F2C48EB22A9EF69B00DBC888 /* Assets.xcassets */; };
		F2C48EB62A9EF69B00DBC888 /* LaunchScreen.storyboard in Resources */ = {isa = PBXBuildFile; fileRef = F2C48EB42A9EF69B00DBC888 /* LaunchScreen.storyboard */; };
		F2C48EC12A9EF69C00DBC888 /* xiv_sample_appTests.swift in Sources */ = {isa = PBXBuildFile; fileRef = F2C48EC02A9EF69C00DBC888 /* xiv_sample_appTests.swift */; };
		F2C48ECB2A9EF69C00DBC888 /* xiv_sample_appUITests.swift in Sources */ = {isa = PBXBuildFile; fileRef = F2C48ECA2A9EF69C00DBC888 /* xiv_sample_appUITests.swift */; };
		F2C48ECD2A9EF69C00DBC888 /* xiv_sample_appUITestsLaunchTests.swift in Sources */ = {isa = PBXBuildFile; fileRef = F2C48ECC2A9EF69C00DBC888 /* xiv_sample_appUITestsLaunchTests.swift */; };
/* End PBXBuildFile section */

/* Begin PBXContainerItemProxy section */
		F2C48EBD2A9EF69C00DBC888 /* PBXContainerItemProxy */ = {
			isa = PBXContainerItemProxy;
			containerPortal = F2C48E9E2A9EF69B00DBC888 /* Project object */;
			proxyType = 1;
			remoteGlobalIDString = F2C48EA52A9EF69B00DBC888;
			remoteInfo = "xiv-sample-app";
		};
		F2C48EC72A9EF69C00DBC888 /* PBXContainerItemProxy */ = {
			isa = PBXContainerItemProxy;
			containerPortal = F2C48E9E2A9EF69B00DBC888 /* Project object */;
			proxyType = 1;
			remoteGlobalIDString = F2C48EA52A9EF69B00DBC888;
			remoteInfo = "xiv-sample-app";
		};
/* End PBXContainerItemProxy section */

/* Begin PBXFileReference section */
		53A75F68CF2135908C71216E /* AppCoordinator.swift */ = {isa = PBXFileReference; fileEncoding = 4; lastKnownFileType = sourcecode.swift; path = AppCoordinator.swift; sourceTree = "<group>"; };
		F2C48EA62A9EF69B00DBC888 /* xiv-sample-app.app */ = {isa = PBXFileReference; explicitFileType = wrapper.application; includeInIndex = 0; path = "xiv-sample-app.app"; sourceTree = BUILT_PRODUCTS_DIR; };
		F2C48EA92A9EF69B00DBC888 /* AppDelegate.swift */ = {isa = PBXFileReference; lastKnownFileType = sourcecode.swift; path = AppDelegate.swift; sourceTree = "<group>"; };
		F2C48EAB2A9EF69B00DBC888 /* SceneDelegate.swift */ = {isa = PBXFileReference; lastKnownFileType = sourcecode.swift; path = SceneDelegate.swift; sourceTree = "<group>"; };
		F2C48EAD2A9EF69B00DBC888 /* ViewController.swift */ = {isa = PBXFileReference; lastKnownFileType = sourcecode.swift; path = ViewController.swift; sourceTree = "<group>"; };
		F2C48EB02A9EF69B00DBC888 /* Base */ = {isa = PBXFileReference; lastKnownFileType = file.storyboard; name = Base; path = Base.lproj/Main.storyboard; sourceTree = "<group>"; };
		F2C48EB22A9EF69B00DBC888 /* Assets.xcassets */ = {isa = PBXFileReference; lastKnownFileType = folder.assetcatalog; path = Assets.xcassets; sourceTree = "<group>"; };
		F2C48EB52A9EF69B00DBC888 /* Base */ = {isa = PBXFileReference; lastKnownFileType = file.storyboard; name = Base; path = Base.lproj/LaunchScreen.storyboard; sourceTree = "<group>"; };
		F2C48EB72A9EF69B00DBC888 /* Info.plist */ = {isa = PBXFileReference; lastKnownFileType = text.plist.xml; path = Info.plist; sourceTree = "<group>"; };
		F2C48EBC2A9EF69C00DBC888 /* xiv-sample-appTests.xctest */ = {isa = PBXFileReference; explicitFileType = wrapper.cfbundle; includeInIndex = 0; path = "xiv-sample-appTests.xctest"; sourceTree = BUILT_PRODUCTS_DIR; };
		F2C48EC02A9EF69C00DBC888 /* xiv_sample_appTests.swift */ = {isa = PBXFileReference; lastKnownFileType = sourcecode.swift; path = xiv_sample_appTests.swift; sourceTree = "<group>"; };
		F2C48EC62A9EF69C00DBC888 /* xiv-sample-appUITests.xctest */ = {isa = PBXFileReference; explicitFileType = wrapper.cfbundle; includeInIndex = 0; path = "xiv-sample-appUITests.xctest"; sourceTree = BUILT_PRODUCTS_DIR; };
		F2C48ECA2A9EF69C00DBC888 /* xiv_sample_appUITests.swift */ = {isa = PBXFileReference; lastKnownFileType = sourcecode.swift; path = xiv_sample_appUITests.swift; sourceTree = "<group>"; };
		F2C48ECC2A9EF69C00DBC888 /* xiv_sample_appUITestsLaunchTests.swift */ = {isa = PBXFileReference; lastKnownFileType = sourcecode.swift; path = xiv_sample_appUITestsLaunchTests.swift; sourceTree = "<group>"; };
/* End PBXFileReference section */

/* Begin PBXFrameworksBuildPhase section */
		F2C48EA32A9EF69B00DBC888 /* Frameworks */ = {
			isa = PBXFrameworksBuildPhase;
			buildActionMask = 2147483647;
			files = (
			);
			runOnlyForDeploymentPostprocessing = 0;
		};
		F2C48EB92A9EF69C00DBC888 /* Frameworks */ = {
			isa = PBXFrameworksBuildPhase;
			buildActionMask = 2147483647;
			files = (
			);
			runOnlyForDeploymentPostprocessing = 0;
		};
		F2C48EC32A9EF69C00DBC888 /* Frameworks */ = {
			isa = PBXFrameworksBuildPhase;
			buildActionMask = 2147483647;
			files = (
			);
			runOnlyForDeploymentPostprocessing = 0;
		};
/* End PBXFrameworksBuildPhase section */

/* Begin PBXGroup section */
		F2C48E9D2A9EF69B00DBC888 = {
			isa = PBXGroup;
			children = (
				F2C48EA82A9EF69B00DBC888 /* xiv-sample-app */,
				F2C48EBF2A9EF69C00DBC888 /* xiv-sample-appTests */,
				F2C48EC92A9EF69C00DBC888 /* xiv-sample-appUITests */,
				F2C48EA72A9EF69B00DBC888 /* Products */,
			);
			sourceTree = "<group>";
		};
		F2C48EA72A9EF69B00DBC888 /* Products */ = {
			isa = PBXGroup;
			children = (
				F2C48EA62A9EF69B00DBC888 /* xiv-sample-app.app */,
				F2C48EBC2A9EF69C00DBC888 /* xiv-sample-appTests.xctest */,
				F2C48EC62A9EF69C00DBC888 /* xiv-sample-appUITests.xctest */,
			);
			name = Products;
			sourceTree = "<group>";
		};
		F2C48EA82A9EF69B00DBC888 /* xiv-sample-app */ = {
			isa = PBXGroup;
			children = (
				F2C48EA92A9EF69B00DBC888 /* AppDelegate.swift */,
				F2C48EAB2A9EF69B00DBC888 /* SceneDelegate.swift */,
				F2C48EAD2A9EF69B00DBC888 /* ViewController.swift */,
				F2C48EAF2A9EF69B00DBC888 /* Main.storyboard */,
				F2C48EB22A9EF69B00DBC888 /* Assets.xcassets */,
				F2C48EB42A9EF69B00DBC888 /* LaunchScreen.storyboard */,
				F2C48EB72A9EF69B00DBC888 /* Info.plist */,
				53A75F68CF2135908C71216E /* AppCoordinator.swift */,
			);
			path = "xiv-sample-app";
			sourceTree = "<group>";
		};
		F2C48EBF2A9EF69C00DBC888 /* xiv-sample-appTests */ = {
			isa = PBXGroup;
			children = (
				F2C48EC02A9EF69C00DBC888 /* xiv_sample_appTests.swift */,
			);
			path = "xiv-sample-appTests";
			sourceTree = "<group>";
		};
		F2C48EC92A9EF69C00DBC888 /* xiv-sample-appUITests */ = {
			isa = PBXGroup;
			children = (
				F2C48ECA2A9EF69C00DBC888 /* xiv_sample_appUITests.swift */,
				F2C48ECC2A9EF69C00DBC888 /* xiv_sample_appUITestsLaunchTests.swift */,
			);
			path = "xiv-sample-appUITests";
			sourceTree = "<group>";
		};
/* End PBXGroup section */

/* Begin PBXNativeTarget section */
		F2C48EA52A9EF69B00DBC888 /* xiv-sample-app */ = {
			isa = PBXNativeTarget;
			buildConfigurationList = F2C48ED02A9EF69C00DBC888 /* Build configuration list for PBXNativeTarget "xiv-sample-app" */;
			buildPhases = (
				F2C48EA22A9EF69B00DBC888 /* Sources */,
				F2C48EA32A9EF69B00DBC888 /* Frameworks */,
				F2C48EA42A9EF69B00DBC888 /* Resources */,
			);
			buildRules = (
			);
			dependencies = (
			);
			name = "xiv-sample-app";
			productName = "xiv-sample-app";
			productReference = F2C48EA62A9EF69B00DBC888 /* xiv-sample-app.app */;
			productType = "com.apple.product-type.application";
		};
		F2C48EBB2A9EF69C00DBC888 /* xiv-sample-appTests */ = {
			isa = PBXNativeTarget;
			buildConfigurationList = F2C48ED32A9EF69C00DBC888 /* Build configuration list for PBXNativeTarget "xiv-sample-appTests" */;
			buildPhases = (
				F2C48EB82A9EF69C00DBC888 /* Sources */,
				F2C48EB92A9EF69C00DBC888 /* Frameworks */,
				F2C48EBA2A9EF69C00DBC888 /* Resources */,
			);
			buildRules = (
			);
			dependencies = (
				F2C48EBE2A9EF69C00DBC888 /* PBXTargetDependency */,
			);
			name = "xiv-sample-appTests";
			productName = "xiv-sample-appTests";
			productReference = F2C48EBC2A9EF69C00DBC888 /* xiv-sample-appTests.xctest */;
			productType = "com.apple.product-type.bundle.unit-test";
		};
		F2C48EC52A9EF69C00DBC888 /* xiv-sample-appUITests */ = {
			isa = PBXNativeTarget;
			buildConfigurationList = F2C48ED62A9EF69C00DBC888 /* Build configuration list for PBXNativeTarget "xiv-sample-appUITests" */;
			buildPhases = (
				F2C48EC22A9EF69C00DBC888 /* Sources */,
				F2C48EC32A9EF69C00DBC888 /* Frameworks */,
				F2C48EC42A9EF69C00DBC888 /* Resources */,
			);
			buildRules = (
			);
			dependencies = (
				F2C48EC82A9EF69C00DBC888 /* PBXTargetDependency */,
			);
			name = "xiv-sample-appUITests";
			productName = "xiv-sample-appUITests";
			productReference = F2C48EC62A9EF69C00DBC888 /* xiv-sample-appUITests.xctest */;
			productType = "com.apple.product-type.bundle.ui-testing";
		};
/* End PBXNativeTarget section */

/* Begin PBXProject section */
		F2C48E9E2A9EF69B00DBC888 /* Project object */ = {
			isa = PBXProject;
			attributes = {
				BuildIndependentTargetsInParallel = 1;
				LastSwiftUpdateCheck = 1340;
				LastUpgradeCheck = 1340;
				TargetAttributes = {
					F2C48EA52A9EF69B00DBC888 = {
						CreatedOnToolsVersion = 13.4.1;
					};
					F2C48EBB2A9EF69C00DBC888 = {
						CreatedOnToolsVersion = 13.4.1;
						TestTargetID = F2C48EA52A9EF69B00DBC888;
					};
					F2C48EC52A9EF69C00DBC888 = {
						CreatedOnToolsVersion = 13.4.1;
						TestTargetID = F2C48EA52A9EF69B00DBC888;
					};
				};
			};
			buildConfigurationList = F2C48EA12A9EF69B00DBC888 /* Build configuration list for PBXProject "xiv-sample-app" */;
			compatibilityVersion = "Xcode 13.0";
			developmentRegion = en;
			hasScannedForEncodings = 0;
			knownRegions = (
				en,
				Base,
			);
			mainGroup = F2C48E9D2A9EF69B00DBC888;
			productRefGroup = F2C48EA72A9EF69B00DBC888 /* Products */;
			projectDirPath = "";
			projectRoot = "";
			targets = (
				F2C48EA52A9EF69B00DBC888 /* xiv-sample-app */,
				F2C48EBB2A9EF69C00DBC888 /* xiv-sample-appTests */,
				F2C48EC52A9EF69C00DBC888 /* xiv-sample-appUITests */,
			);
		};
/* End PBXProject section */

/* Begin PBXResourcesBuildPhase section */
		F2C48EA42A9EF69B00DBC888 /* Resources */ = {
			isa = PBXResourcesBuildPhase;
			buildActionMask = 2147483647;
			files = (
				F2C48EB62A9EF69B00DBC888 /* LaunchScreen.storyboard in Resources */,
				F2C48EB32A9EF69B00DBC888 /* Assets.xcassets in Resources */,
				F2C48EB12A9EF69B00DBC888 /* Main.storyboard in Resources */,
			);
			runOnlyForDeploymentPostprocessing = 0;
		};
		F2C48EBA2A9EF69C00DBC888 /* Resources */ = {
			isa = PBXResourcesBuildPhase;
			buildActionMask = 2147483647;
			files = (
			);
			runOnlyForDeploymentPostprocessing = 0;
		};
		F2C48EC42A9EF69C00DBC888 /* Resources */ = {
			isa = PBXResourcesBuildPhase;
			buildActionMask = 2147483647;
			files = (
			);
			runOnlyForDeploymentPostprocessing = 0;
		};
/* End PBXResourcesBuildPhase section */

/* Begin PBXSourcesBuildPhase section */
		F2C48EA22A9EF69B00DBC888 /* Sources */ = {
			isa = PBXSourcesBuildPhase;
			buildActionMask = 2147483647;
			files = (
				F2C48EAE2A9EF69B00DBC888 /* ViewController.swift in Sources */,
				F2C48EAA2A9EF69B00DBC888 /* AppDelegate.swift in Sources */,
				F2C48EAC2A9EF69B00DBC888 /* SceneDelegate.swift in Sources */,
				53A758EA42BCE296E09186C0 /* AppCoordinator.swift in Sources */,
			);
			runOnlyForDeploymentPostprocessing = 0;
		};
		F2C48EB82A9EF69C00DBC888 /* Sources */ = {
			isa = PBXSourcesBuildPhase;
			buildActionMask = 2147483647;
			files = (
				F2C48EC12A9EF69C00DBC888 /* xiv_sample_appTests.swift in Sources */,
			);
			runOnlyForDeploymentPostprocessing = 0;
		};
		F2C48EC22A9EF69C00DBC888 /* Sources */ = {
			isa = PBXSourcesBuildPhase;
			buildActionMask = 2147483647;
			files = (
				F2C48ECD2A9EF69C00DBC888 /* xiv_sample_appUITestsLaunchTests.swift in Sources */,
				F2C48ECB2A9EF69C00DBC888 /* xiv_sample_appUITests.swift in Sources */,
			);
			runOnlyForDeploymentPostprocessing = 0;
		};
/* End PBXSourcesBuildPhase section */

/* Begin PBXTargetDependency section */
		F2C48EBE2A9EF69C00DBC888 /* PBXTargetDependency */ = {
			isa = PBXTargetDependency;
			target = F2C48EA52A9EF69B00DBC888 /* xiv-sample-app */;
			targetProxy = F2C48EBD2A9EF69C00DBC888 /* PBXContainerItemProxy */;
		};
		F2C48EC82A9EF69C00DBC888 /* PBXTargetDependency */ = {
			isa = PBXTargetDependency;
			target = F2C48EA52A9EF69B00DBC888 /* xiv-sample-app */;
			targetProxy = F2C48EC72A9EF69C00DBC888 /* PBXContainerItemProxy */;
		};
/* End PBXTargetDependency section */

/* Begin PBXVariantGroup section */
		F2C48EAF2A9EF69B00DBC888 /* Main.storyboard */ = {
			isa = PBXVariantGroup;
			children = (
				F2C48EB02A9EF69B00DBC888 /* Base */,
			);
			name = Main.storyboard;
			sourceTree = "<group>";
		};
		F2C48EB42A9EF69B00DBC888 /* LaunchScreen.storyboard */ = {
			isa = PBXVariantGroup;
			children = (
				F2C48EB52A9EF69B00DBC888 /* Base */,
			);
			name = LaunchScreen.storyboard;
			sourceTree = "<group>";
		};
/* End PBXVariantGroup section */

/* Begin XCBuildConfiguration section */
		F2C48ECE2A9EF69C00DBC888 /* Debug */ = {
			isa = XCBuildConfiguration;
			buildSettings = {
				ALWAYS_SEARCH_USER_PATHS = NO;
				CLANG_ANALYZER_NONNULL = YES;
				CLANG_ANALYZER_NUMBER_OBJECT_CONVERSION = YES_AGGRESSIVE;
				CLANG_CXX_LANGUAGE_STANDARD = "gnu++17";
				CLANG_ENABLE_MODULES = YES;
				CLANG_ENABLE_OBJC_ARC = YES;
				CLANG_ENABLE_OBJC_WEAK = YES;
				CLANG_WARN_BLOCK_CAPTURE_AUTORELEASING = YES;
				CLANG_WARN_BOOL_CONVERSION = YES;
				CLANG_WARN_COMMA = YES;
				CLANG_WARN_CONSTANT_CONVERSION = YES;
				CLANG_WARN_DEPRECATED_OBJC_IMPLEMENTATIONS = YES;
				CLANG_WARN_DIRECT_OBJC_ISA_USAGE = YES_ERROR;
				CLANG_WARN_DOCUMENTATION_COMMENTS = YES;
				CLANG_WARN_EMPTY_BODY = YES;
				CLANG_WARN_ENUM_CONVERSION = YES;
				CLANG_WARN_INFINITE_RECURSION = YES;
				CLANG_WARN_INT_CONVERSION = YES;
				CLANG_WARN_NON_LITERAL_NULL_CONVERSION = YES;
				CLANG_WARN_OBJC_IMPLICIT_RETAIN_SELF = YES;
				CLANG_WARN_OBJC_LITERAL_CONVERSION = YES;
				CLANG_WARN_OBJC_ROOT_CLASS = YES_ERROR;
				CLANG_WARN_QUOTED_INCLUDE_IN_FRAMEWORK_HEADER = YES;
				CLANG_WARN_RANGE_LOOP_ANALYSIS = YES;
				CLANG_WARN_STRICT_PROTOTYPES = YES;
				CLANG_WARN_SUSPICIOUS_MOVE = YES;
				CLANG_WARN_UNGUARDED_AVAILABILITY = YES_AGGRESSIVE;
				CLANG_WARN_UNREACHABLE_CODE = YES;
				CLANG_WARN__DUPLICATE_METHOD_MATCH = YES;
				COPY_PHASE_STRIP = NO;
				DEBUG_INFORMATION_FORMAT = dwarf;
				ENABLE_STRICT_OBJC_MSGSEND = YES;
				ENABLE_TESTABILITY = YES;
				GCC_C_LANGUAGE_STANDARD = gnu11;
				GCC_DYNAMIC_NO_PIC = NO;
				GCC_NO_COMMON_BLOCKS = YES;
				GCC_OPTIMIZATION_LEVEL = 0;
				GCC_PREPROCESSOR_DEFINITIONS = (
					"DEBUG=1",
					"$(inherited)",
				);
				GCC_WARN_64_TO_32_BIT_CONVERSION = YES;
				GCC_WARN_ABOUT_RETURN_TYPE = YES_ERROR;
				GCC_WARN_UNDECLARED_SELECTOR = YES;
				GCC_WARN_UNINITIALIZED_AUTOS = YES_AGGRESSIVE;
				GCC_WARN_UNUSED_FUNCTION = YES;
				GCC_WARN_UNUSED_VARIABLE = YES;
				IPHONEOS_DEPLOYMENT_TARGET = 15.5;
				MTL_ENABLE_DEBUG_INFO = INCLUDE_SOURCE;
				MTL_FAST_MATH = YES;
				ONLY_ACTIVE_ARCH = YES;
				SDKROOT = iphoneos;
				SWIFT_ACTIVE_COMPILATION_CONDITIONS = DEBUG;
				SWIFT_OPTIMIZATION_LEVEL = "-Onone";
			};
			name = Debug;
		};
		F2C48ECF2A9EF69C00DBC888 /* Release */ = {
			isa = XCBuildConfiguration;
			buildSettings = {
				ALWAYS_SEARCH_USER_PATHS = NO;
				CLANG_ANALYZER_NONNULL = YES;
				CLANG_ANALYZER_NUMBER_OBJECT_CONVERSION = YES_AGGRESSIVE;
				CLANG_CXX_LANGUAGE_STANDARD = "gnu++17";
				CLANG_ENABLE_MODULES = YES;
				CLANG_ENABLE_OBJC_ARC = YES;
				CLANG_ENABLE_OBJC_WEAK = YES;
				CLANG_WARN_BLOCK_CAPTURE_AUTORELEASING = YES;
				CLANG_WARN_BOOL_CONVERSION = YES;
				CLANG_WARN_COMMA = YES;
				CLANG_WARN_CONSTANT_CONVERSION = YES;
				CLANG_WARN_DEPRECATED_OBJC_IMPLEMENTATIONS = YES;
				CLANG_WARN_DIRECT_OBJC_ISA_USAGE = YES_ERROR;
				CLANG_WARN_DOCUMENTATION_COMMENTS = YES;
				CLANG_WARN_EMPTY_BODY = YES;
				CLANG_WARN_ENUM_CONVERSION = YES;
				CLANG_WARN_INFINITE_RECURSION = YES;
				CLANG_WARN_INT_CONVERSION = YES;
				CLANG_WARN_NON_LITERAL_NULL_CONVERSION = YES;
				CLANG_WARN_OBJC_IMPLICIT_RETAIN_SELF = YES;
				CLANG_WARN_OBJC_LITERAL_CONVERSION = YES;
				CLANG_WARN_OBJC_ROOT_CLASS = YES_ERROR;
				CLANG_WARN_QUOTED_INCLUDE_IN_FRAMEWORK_HEADER = YES;
				CLANG_WARN_RANGE_LOOP_ANALYSIS = YES;
				CLANG_WARN_STRICT_PROTOTYPES = YES;
				CLANG_WARN_SUSPICIOUS_MOVE = YES;
				CLANG_WARN_UNGUARDED_AVAILABILITY = YES_AGGRESSIVE;
				CLANG_WARN_UNREACHABLE_CODE = YES;
				CLANG_WARN__DUPLICATE_METHOD_MATCH = YES;
				COPY_PHASE_STRIP = NO;
				DEBUG_INFORMATION_FORMAT = "dwarf-with-dsym";
				ENABLE_NS_ASSERTIONS = NO;
				ENABLE_STRICT_OBJC_MSGSEND = YES;
				GCC_C_LANGUAGE_STANDARD = gnu11;
				GCC_NO_COMMON_BLOCKS = YES;
				GCC_WARN_64_TO_32_BIT_CONVERSION = YES;
				GCC_WARN_ABOUT_RETURN_TYPE = YES_ERROR;
				GCC_WARN_UNDECLARED_SELECTOR = YES;
				GCC_WARN_UNINITIALIZED_AUTOS = YES_AGGRESSIVE;
				GCC_WARN_UNUSED_FUNCTION = YES;
				GCC_WARN_UNUSED_VARIABLE = YES;
				IPHONEOS_DEPLOYMENT_TARGET = 15.5;
				MTL_ENABLE_DEBUG_INFO = NO;
				MTL_FAST_MATH = YES;
				SDKROOT = iphoneos;
				SWIFT_COMPILATION_MODE = wholemodule;
				SWIFT_OPTIMIZATION_LEVEL = "-O";
				VALIDATE_PRODUCT = YES;
			};
			name = Release;
		};
		F2C48ED12A9EF69C00DBC888 /* Debug */ = {
			isa = XCBuildConfiguration;
			buildSettings = {
				ASSETCATALOG_COMPILER_APPICON_NAME = AppIcon;
				ASSETCATALOG_COMPILER_GLOBAL_ACCENT_COLOR_NAME = AccentColor;
				CODE_SIGN_STYLE = Automatic;
				CURRENT_PROJECT_VERSION = 1;
				GENERATE_INFOPLIST_FILE = YES;
				INFOPLIST_FILE = "xiv-sample-app/Info.plist";
				INFOPLIST_KEY_UIApplicationSupportsIndirectInputEvents = YES;
				INFOPLIST_KEY_UILaunchStoryboardName = LaunchScreen;
				INFOPLIST_KEY_UIMainStoryboardFile = Main;
				INFOPLIST_KEY_UISupportedInterfaceOrientations_iPad = "UIInterfaceOrientationPortrait UIInterfaceOrientationPortraitUpsideDown UIInterfaceOrientationLandscapeLeft UIInterfaceOrientationLandscapeRight";
				INFOPLIST_KEY_UISupportedInterfaceOrientations_iPhone = "UIInterfaceOrientationPortrait UIInterfaceOrientationLandscapeLeft UIInterfaceOrientationLandscapeRight";
				LD_RUNPATH_SEARCH_PATHS = (
					"$(inherited)",
					"@executable_path/Frameworks",
				);
				MARKETING_VERSION = 1.0;
				PRODUCT_BUNDLE_IDENTIFIER = "com.agcepeda.xiv-sample-app";
				PRODUCT_NAME = "$(TARGET_NAME)";
				SWIFT_EMIT_LOC_STRINGS = YES;
				SWIFT_VERSION = 5.0;
				TARGETED_DEVICE_FAMILY = "1,2";
			};
			name = Debug;
		};
		F2C48ED22A9EF69C00DBC888 /* Release */ = {
			isa = XCBuildConfiguration;
			buildSettings = {
				ASSETCATALOG_COMPILER_APPICON_NAME = AppIcon;
				ASSETCATALOG_COMPILER_GLOBAL_ACCENT_COLOR_NAME = AccentColor;
				CODE_SIGN_STYLE = Automatic;
				CURRENT_PROJECT_VERSION = 1;
				GENERATE_INFOPLIST_FILE = YES;
				INFOPLIST_FILE = "xiv-sample-app/Info.plist";
				INFOPLIST_KEY_UIApplicationSupportsIndirectInputEvents = YES;
				INFOPLIST_KEY_UILaunchStoryboardName = LaunchScreen;
				INFOPLIST_KEY_UIMainStoryboardFile = Main;
				INFOPLIST_KEY_UISupportedInterfaceOrientations_iPad = "UIInterfaceOrientationPortrait UIInterfaceOrientationPortraitUpsideDown UIInterfaceOrientationLandscapeLeft UIInterfaceOrientationLandscapeRight";
				INFOPLIST_KEY_UISupportedInterfaceOrientations_iPhone = "UIInterfaceOrientationPortrait UIInterfaceOrientationLandscapeLeft UIInterfaceOrientationLandscapeRight";
				LD_RUNPATH_SEARCH_PATHS = (
					"$(inherited)",
					"@executable_path/Frameworks",
				);
				MARKETING_VERSION = 1.0;
				PRODUCT_BUNDLE_IDENTIFIER = "com.agcepeda.xiv-sample-app";
				PRODUCT_NAME = "$(TARGET_NAME)";
				SWIFT_EMIT_LOC_STRINGS = YES;
				SWIFT_VERSION = 5.0;
				TARGETED_DEVICE_FAMILY = "1,2";
			};
			name = Release;
		};
		F2C48ED42A9EF69C00DBC888 /* Debug */ = {
			isa = XCBuildConfiguration;
			buildSettings = {
				ALWAYS_EMBED_SWIFT_STANDARD_LIBRARIES = YES;
				BUNDLE_LOADER = "$(TEST_HOST)";
				CODE_SIGN_STYLE = Automatic;
				CURRENT_PROJECT_VERSION = 1;
				GENERATE_INFOPLIST_FILE = YES;
				IPHONEOS_DEPLOYMENT_TARGET = 15.5;
				MARKETING_VERSION = 1.0;
				PRODUCT_BUNDLE_IDENTIFIER = "com.agcepeda.xiv-sample-appTests";
				PRODUCT_NAME = "$(TARGET_NAME)";
				SWIFT_EMIT_LOC_STRINGS = NO;
				SWIFT_VERSION = 5.0;
				TARGETED_DEVICE_FAMILY = "1,2";
				TEST_HOST = "$(BUILT_PRODUCTS_DIR)/xiv-sample-app.app/xiv-sample-app";
			};
			name = Debug;
		};
		F2C48ED52A9EF69C00DBC888 /* Release */ = {
			isa = XCBuildConfiguration;
			buildSettings = {
				ALWAYS_EMBED_SWIFT_STANDARD_LIBRARIES = YES;
				BUNDLE_LOADER = "$(TEST_HOST)";
				CODE_SIGN_STYLE = Automatic;
				CURRENT_PROJECT_VERSION = 1;
				GENERATE_INFOPLIST_FILE = YES;
				IPHONEOS_DEPLOYMENT_TARGET = 15.5;
				MARKETING_VERSION = 1.0;
				PRODUCT_BUNDLE_IDENTIFIER = "com.agcepeda.xiv-sample-appTests";
				PRODUCT_NAME = "$(TARGET_NAME)";
				SWIFT_EMIT_LOC_STRINGS = NO;
				SWIFT_VERSION = 5.0;
				TARGETED_DEVICE_FAMILY = "1,2";
				TEST_HOST = "$(BUILT_PRODUCTS_DIR)/xiv-sample-app.app/xiv-sample-app";
			};
			name = Release;
		};
		F2C48ED72A9EF69C00DBC888 /* Debug */ = {
			isa = XCBuildConfiguration;
			buildSettings = {
				ALWAYS_EMBED_SWIFT_STANDARD_LIBRARIES = YES;
				CODE_SIGN_STYLE = Automatic;
				CURRENT_PROJECT_VERSION = 1;
				GENERATE_INFOPLIST_FILE = YES;
				MARKETING_VERSION = 1.0;
				PRODUCT_BUNDLE_IDENTIFIER = "com.agcepeda.xiv-sample-appUITests";
				PRODUCT_NAME = "$(TARGET_NAME)";
				SWIFT_EMIT_LOC_STRINGS = NO;
				SWIFT_VERSION = 5.0;
				TARGETED_DEVICE_FAMILY = "1,2";
				TEST_TARGET_NAME = "xiv-sample-app";
			};
			name = Debug;
		};
		F2C48ED82A9EF69C00DBC888 /* Release */ = {
			isa = XCBuildConfiguration;
			buildSettings = {
				ALWAYS_EMBED_SWIFT_STANDARD_LIBRARIES = YES;
				CODE_SIGN_STYLE = Automatic;
				CURRENT_PROJECT_VERSION = 1;
				GENERATE_INFOPLIST_FILE = YES;
				MARKETING_VERSION = 1.0;
				PRODUCT_BUNDLE_IDENTIFIER = "com.agcepeda.xiv-sample-appUITests";
				PRODUCT_NAME = "$(TARGET_NAME)";
				SWIFT_EMIT_LOC_STRINGS = NO;
				SWIFT_VERSION = 5.0;
				TARGETED_DEVICE_FAMILY = "1,2";
				TEST_TARGET_NAME = "xiv-sample-app";
			};
			name = Release;
		};
/* End XCBuildConfiguration section */

/* Begin XCConfigurationList section */
		F2C48EA12A9EF69B00DBC888 /* Build configuration list for PBXProject "xiv-sample-app" */ = {
			isa = XCConfigurationList;
			buildConfigurations = (
				F2C48ECE2A9EF69C00DBC888 /* Debug */,
				F2C48ECF2A9EF69C00DBC888 /* Release */,
			);
			defaultConfigurationIsVisible = 0;
			defaultConfigurationName = Release;
		};
		F2C48ED02A9EF69C00DBC888 /* Build configuration list for PBXNativeTarget "xiv-sample-app" */ = {
			isa = XCConfigurationList;
			buildConfigurations = (
				F2C48ED12A9EF69C00DBC888 /* Debug */,
				F2C48ED22A9EF69C00DBC888 /* Release */,
			);
			defaultConfigurationIsVisible = 0;
			defaultConfigurationName = Release;
		};
		F2C48ED32A9EF69C00DBC888 /* Build configuration list for PBXNativeTarget "xiv-sample-appTests" */ = {
			isa = XCConfigurationList;
			buildConfigurations = (
				F2C48ED42A9EF69C00DBC888 /* Debug */,
				F2C48ED52A9EF69C00DBC888 /* Release */,
			);
			defaultConfigurationIsVisible = 0;
			defaultConfigurationName = Release;
		};
		F2C48ED62A9EF69C00DBC888 /* Build configuration list for PBXNativeTarget "xiv-sample-appUITests" */ = {
			isa = XCConfigurationList;
			buildConfigurations = (
				F2C48ED72A9EF69C00DBC888 /* Debug */,
				F2C48ED82A9EF69C00DBC888 /* Release */,
			);
			defaultConfigurationIsVisible = 0;
			defaultConfigurationName = Release;
		};
/* End XCConfigurationList section */
	};
	rootObject = F2C48E9E2A9EF69B00DBC888 /* Project object */;
}
